
Microsoft Visual Studio Solution File, Format Version 12.00
# Visual Studio Version 17
VisualStudioVersion = 17.3.32901.215
MinimumVisualStudioVersion = 10.0.40219.1
Project("{9A19103F-16F7-4668-BE54-9A1E7A4F7556}") = "AppClientes.WebAPI", "AppClientes\AppClientes.WebAPI.csproj", "{09217E72-4484-4C4F-9EB6-C44793DCB44B}"
	ProjectSection(ProjectDependencies) = postProject
		{A5B0B10E-7C80-45EB-AF0E-928C0D043BFF} = {A5B0B10E-7C80-45EB-AF0E-928C0D043BFF}
		{B74DD486-4139-4F34-BD01-D2E70C78F3B3} = {B74DD486-4139-4F34-BD01-D2E70C78F3B3}
		{CCF2C8B2-40A9-44A7-B026-C711B2D35A28} = {CCF2C8B2-40A9-44A7-B026-C711B2D35A28}
	EndProjectSection
EndProject
Project("{9A19103F-16F7-4668-BE54-9A1E7A4F7556}") = "AppClientes.Model", "AppClientes.Model\AppClientes.Model.csproj", "{B74DD486-4139-4F34-BD01-D2E70C78F3B3}"
EndProject
Project("{9A19103F-16F7-4668-BE54-9A1E7A4F7556}") = "AppClientes.Repository", "AppClientes.Repository\AppClientes.Repository.csproj", "{A5B0B10E-7C80-45EB-AF0E-928C0D043BFF}"
	ProjectSection(ProjectDependencies) = postProject
		{B74DD486-4139-4F34-BD01-D2E70C78F3B3} = {B74DD486-4139-4F34-BD01-D2E70C78F3B3}
	EndProjectSection
EndProject
Project("{9A19103F-16F7-4668-BE54-9A1E7A4F7556}") = "AppClientes.ApplicationServices", "AppClientes.ApplicationServices\AppClientes.ApplicationServices.csproj", "{CCF2C8B2-40A9-44A7-B026-C711B2D35A28}"
	ProjectSection(ProjectDependencies) = postProject
		{B74DD486-4139-4F34-BD01-D2E70C78F3B3} = {B74DD486-4139-4F34-BD01-D2E70C78F3B3}
	EndProjectSection
EndProject
Project("{FAE04EC0-301F-11D3-BF4B-00C04F79EFBC}") = "AppClientes.Testing", "AppClientes.Testing\AppClientes.Testing.csproj", "{AFAF2B72-A1BC-4A6B-ABAB-8099E48D569F}"
EndProject
Global
	GlobalSection(SolutionConfigurationPlatforms) = preSolution
		Debug|Any CPU = Debug|Any CPU
		Release|Any CPU = Release|Any CPU
	EndGlobalSection
	GlobalSection(ProjectConfigurationPlatforms) = postSolution
		{09217E72-4484-4C4F-9EB6-C44793DCB44B}.Debug|Any CPU.ActiveCfg = Debug|Any CPU
		{09217E72-4484-4C4F-9EB6-C44793DCB44B}.Debug|Any CPU.Build.0 = Debug|Any CPU
		{09217E72-4484-4C4F-9EB6-C44793DCB44B}.Release|Any CPU.ActiveCfg = Release|Any CPU
		{09217E72-4484-4C4F-9EB6-C44793DCB44B}.Release|Any CPU.Build.0 = Release|Any CPU
		{B74DD486-4139-4F34-BD01-D2E70C78F3B3}.Debug|Any CPU.ActiveCfg = Debug|Any CPU
		{B74DD486-4139-4F34-BD01-D2E70C78F3B3}.Debug|Any CPU.Build.0 = Debug|Any CPU
		{B74DD486-4139-4F34-BD01-D2E70C78F3B3}.Release|Any CPU.ActiveCfg = Release|Any CPU
		{B74DD486-4139-4F34-BD01-D2E70C78F3B3}.Release|Any CPU.Build.0 = Release|Any CPU
		{A5B0B10E-7C80-45EB-AF0E-928C0D043BFF}.Debug|Any CPU.ActiveCfg = Debug|Any CPU
		{A5B0B10E-7C80-45EB-AF0E-928C0D043BFF}.Debug|Any CPU.Build.0 = Debug|Any CPU
		{A5B0B10E-7C80-45EB-AF0E-928C0D043BFF}.Release|Any CPU.ActiveCfg = Release|Any CPU
		{A5B0B10E-7C80-45EB-AF0E-928C0D043BFF}.Release|Any CPU.Build.0 = Release|Any CPU
		{CCF2C8B2-40A9-44A7-B026-C711B2D35A28}.Debug|Any CPU.ActiveCfg = Debug|Any CPU
		{CCF2C8B2-40A9-44A7-B026-C711B2D35A28}.Debug|Any CPU.Build.0 = Debug|Any CPU
		{CCF2C8B2-40A9-44A7-B026-C711B2D35A28}.Release|Any CPU.ActiveCfg = Release|Any CPU
		{CCF2C8B2-40A9-44A7-B026-C711B2D35A28}.Release|Any CPU.Build.0 = Release|Any CPU
		{AFAF2B72-A1BC-4A6B-ABAB-8099E48D569F}.Debug|Any CPU.ActiveCfg = Debug|Any CPU
		{AFAF2B72-A1BC-4A6B-ABAB-8099E48D569F}.Debug|Any CPU.Build.0 = Debug|Any CPU
		{AFAF2B72-A1BC-4A6B-ABAB-8099E48D569F}.Release|Any CPU.ActiveCfg = Release|Any CPU
		{AFAF2B72-A1BC-4A6B-ABAB-8099E48D569F}.Release|Any CPU.Build.0 = Release|Any CPU
	EndGlobalSection
	GlobalSection(SolutionProperties) = preSolution
		HideSolutionNode = FALSE
	EndGlobalSection
	GlobalSection(ExtensibilityGlobals) = postSolution
		SolutionGuid = {A8722BDB-8AA1-4022-AC9C-A9E9DC84E274}
	EndGlobalSection
EndGlobal
